
Microsoft Visual Studio Solution File, Format Version 12.00
# Visual Studio Version 16
VisualStudioVersion = 16.0.31702.278
MinimumVisualStudioVersion = 10.0.40219.1
Project("{FAE04EC0-301F-11D3-BF4B-00C04F79EFBC}") = "LolChamps", "LolChamps\LolChamps.csproj", "{ABFE71DD-70AB-448D-B8CF-286D2628878E}"
EndProject
Global
	GlobalSection(SolutionConfigurationPlatforms) = preSolution
		Debug|Any CPU = Debug|Any CPU
		Release|Any CPU = Release|Any CPU
	EndGlobalSection
	GlobalSection(ProjectConfigurationPlatforms) = postSolution
		{ABFE71DD-70AB-448D-B8CF-286D2628878E}.Debug|Any CPU.ActiveCfg = Debug|Any CPU
		{ABFE71DD-70AB-448D-B8CF-286D2628878E}.Debug|Any CPU.Build.0 = Debug|Any CPU
		{ABFE71DD-70AB-448D-B8CF-286D2628878E}.Release|Any CPU.ActiveCfg = Release|Any CPU
		{ABFE71DD-70AB-448D-B8CF-286D2628878E}.Release|Any CPU.Build.0 = Release|Any CPU
	EndGlobalSection
	GlobalSection(SolutionProperties) = preSolution
		HideSolutionNode = FALSE
	EndGlobalSection
	GlobalSection(ExtensibilityGlobals) = postSolution
		SolutionGuid = {4A91CBB4-E970-4FC4-9B80-D7BB75F2C406}
	EndGlobalSection
EndGlobal
